
Microsoft Visual Studio Solution File, Format Version 12.00
# Visual Studio Version 17
VisualStudioVersion = 17.6.33829.357
MinimumVisualStudioVersion = 10.0.40219.1
Project("{FAE04EC0-301F-11D3-BF4B-00C04F79EFBC}") = "ProductApi", "ProductApi\ProductApi.csproj", "{EE026DB3-FD1D-4A72-88F1-1B220E6D0F0F}"
EndProject
Global
	GlobalSection(SolutionConfigurationPlatforms) = preSolution
		Debug|Any CPU = Debug|Any CPU
		Release|Any CPU = Release|Any CPU
	EndGlobalSection
	GlobalSection(ProjectConfigurationPlatforms) = postSolution
		{EE026DB3-FD1D-4A72-88F1-1B220E6D0F0F}.Debug|Any CPU.ActiveCfg = Debug|Any CPU
		{EE026DB3-FD1D-4A72-88F1-1B220E6D0F0F}.Debug|Any CPU.Build.0 = Debug|Any CPU
		{EE026DB3-FD1D-4A72-88F1-1B220E6D0F0F}.Release|Any CPU.ActiveCfg = Release|Any CPU
		{EE026DB3-FD1D-4A72-88F1-1B220E6D0F0F}.Release|Any CPU.Build.0 = Release|Any CPU
	EndGlobalSection
	GlobalSection(SolutionProperties) = preSolution
		HideSolutionNode = FALSE
	EndGlobalSection
	GlobalSection(ExtensibilityGlobals) = postSolution
		SolutionGuid = {0435FA48-FFAE-460B-B1AC-A7DAB312A129}
	EndGlobalSection
EndGlobal
