
Microsoft Visual Studio Solution File, Format Version 12.00
# Visual Studio Version 17
VisualStudioVersion = 17.6.33829.357
MinimumVisualStudioVersion = 10.0.40219.1
Project("{FAE04EC0-301F-11D3-BF4B-00C04F79EFBC}") = "MusicRepository", "MusicRepository\MusicRepository.csproj", "{CA5BBB0C-834E-4A51-922C-D21D8E36614D}"
EndProject
Global
	GlobalSection(SolutionConfigurationPlatforms) = preSolution
		Debug|Any CPU = Debug|Any CPU
		Release|Any CPU = Release|Any CPU
	EndGlobalSection
	GlobalSection(ProjectConfigurationPlatforms) = postSolution
		{CA5BBB0C-834E-4A51-922C-D21D8E36614D}.Debug|Any CPU.ActiveCfg = Debug|Any CPU
		{CA5BBB0C-834E-4A51-922C-D21D8E36614D}.Debug|Any CPU.Build.0 = Debug|Any CPU
		{CA5BBB0C-834E-4A51-922C-D21D8E36614D}.Release|Any CPU.ActiveCfg = Release|Any CPU
		{CA5BBB0C-834E-4A51-922C-D21D8E36614D}.Release|Any CPU.Build.0 = Release|Any CPU
	EndGlobalSection
	GlobalSection(SolutionProperties) = preSolution
		HideSolutionNode = FALSE
	EndGlobalSection
	GlobalSection(ExtensibilityGlobals) = postSolution
		SolutionGuid = {2DFB8EC2-1E5E-4D58-9A34-E1B833A32EF5}
	EndGlobalSection
EndGlobal
