
Microsoft Visual Studio Solution File, Format Version 12.00
# Visual Studio Version 17
VisualStudioVersion = 17.6.33829.357
MinimumVisualStudioVersion = 10.0.40219.1
Project("{FAE04EC0-301F-11D3-BF4B-00C04F79EFBC}") = "IgenericReposADO", "IgenericReposADO\IgenericReposADO.csproj", "{B31016D6-EC4D-4C6E-8A05-06D0D7B603A6}"
EndProject
Global
	GlobalSection(SolutionConfigurationPlatforms) = preSolution
		Debug|Any CPU = Debug|Any CPU
		Release|Any CPU = Release|Any CPU
	EndGlobalSection
	GlobalSection(ProjectConfigurationPlatforms) = postSolution
		{B31016D6-EC4D-4C6E-8A05-06D0D7B603A6}.Debug|Any CPU.ActiveCfg = Debug|Any CPU
		{B31016D6-EC4D-4C6E-8A05-06D0D7B603A6}.Debug|Any CPU.Build.0 = Debug|Any CPU
		{B31016D6-EC4D-4C6E-8A05-06D0D7B603A6}.Release|Any CPU.ActiveCfg = Release|Any CPU
		{B31016D6-EC4D-4C6E-8A05-06D0D7B603A6}.Release|Any CPU.Build.0 = Release|Any CPU
	EndGlobalSection
	GlobalSection(SolutionProperties) = preSolution
		HideSolutionNode = FALSE
	EndGlobalSection
	GlobalSection(ExtensibilityGlobals) = postSolution
		SolutionGuid = {AAB1879F-8AE8-47A1-B54E-F219BF1914EF}
	EndGlobalSection
EndGlobal
