
Microsoft Visual Studio Solution File, Format Version 12.00
# Visual Studio Version 17
VisualStudioVersion = 17.8.34330.188
MinimumVisualStudioVersion = 10.0.40219.1
Project("{9A19103F-16F7-4668-BE54-9A1E7A4F7556}") = "JWTRoleAuthentication", "JWTRoleAuthentication\JWTRoleAuthentication.csproj", "{5B233FE9-D2E3-4AB0-8367-8986856EFA15}"
EndProject
Project("{FAE04EC0-301F-11D3-BF4B-00C04F79EFBC}") = "WcfService1", "WcfService1\WcfService1.csproj", "{1C2133E7-319B-4A37-ADBA-47E52E1EE62A}"
EndProject
Global
	GlobalSection(SolutionConfigurationPlatforms) = preSolution
		Debug|Any CPU = Debug|Any CPU
		Release|Any CPU = Release|Any CPU
	EndGlobalSection
	GlobalSection(ProjectConfigurationPlatforms) = postSolution
		{5B233FE9-D2E3-4AB0-8367-8986856EFA15}.Debug|Any CPU.ActiveCfg = Debug|Any CPU
		{5B233FE9-D2E3-4AB0-8367-8986856EFA15}.Debug|Any CPU.Build.0 = Debug|Any CPU
		{5B233FE9-D2E3-4AB0-8367-8986856EFA15}.Release|Any CPU.ActiveCfg = Release|Any CPU
		{5B233FE9-D2E3-4AB0-8367-8986856EFA15}.Release|Any CPU.Build.0 = Release|Any CPU
		{1C2133E7-319B-4A37-ADBA-47E52E1EE62A}.Debug|Any CPU.ActiveCfg = Debug|Any CPU
		{1C2133E7-319B-4A37-ADBA-47E52E1EE62A}.Debug|Any CPU.Build.0 = Debug|Any CPU
		{1C2133E7-319B-4A37-ADBA-47E52E1EE62A}.Release|Any CPU.ActiveCfg = Release|Any CPU
		{1C2133E7-319B-4A37-ADBA-47E52E1EE62A}.Release|Any CPU.Build.0 = Release|Any CPU
	EndGlobalSection
	GlobalSection(SolutionProperties) = preSolution
		HideSolutionNode = FALSE
	EndGlobalSection
	GlobalSection(ExtensibilityGlobals) = postSolution
		SolutionGuid = {67712BD3-5848-4DA3-8072-2BB8D5A2C01A}
	EndGlobalSection
EndGlobal
