
Microsoft Visual Studio Solution File, Format Version 12.00
# Visual Studio Version 17
VisualStudioVersion = 17.8.34330.188
MinimumVisualStudioVersion = 10.0.40219.1
Project("{FAE04EC0-301F-11D3-BF4B-00C04F79EFBC}") = "JwtRefreshTokenDemo", "JwtRefreshTokenDemo\JwtRefreshTokenDemo.csproj", "{D5879E63-5876-4003-A30B-3304810157F8}"
EndProject
Project("{FAE04EC0-301F-11D3-BF4B-00C04F79EFBC}") = "CommonLayer", "CommonLayer\CommonLayer.csproj", "{0B7D319B-C6E5-4580-9B7A-44DF965BCC3F}"
EndProject
Project("{FAE04EC0-301F-11D3-BF4B-00C04F79EFBC}") = "DataAccessLayer", "DataAccessLayer\DataAccessLayer.csproj", "{B6DB03E1-CF84-40A6-875A-45E9FE0632AF}"
EndProject
Project("{FAE04EC0-301F-11D3-BF4B-00C04F79EFBC}") = "BusinessLogicLayer", "BusinessLogicLayer\BusinessLogicLayer.csproj", "{047B66C5-1B2F-478E-8267-0DF1B795143A}"
EndProject
Global
	GlobalSection(SolutionConfigurationPlatforms) = preSolution
		Debug|Any CPU = Debug|Any CPU
		Release|Any CPU = Release|Any CPU
	EndGlobalSection
	GlobalSection(ProjectConfigurationPlatforms) = postSolution
		{D5879E63-5876-4003-A30B-3304810157F8}.Debug|Any CPU.ActiveCfg = Debug|Any CPU
		{D5879E63-5876-4003-A30B-3304810157F8}.Debug|Any CPU.Build.0 = Debug|Any CPU
		{D5879E63-5876-4003-A30B-3304810157F8}.Release|Any CPU.ActiveCfg = Release|Any CPU
		{D5879E63-5876-4003-A30B-3304810157F8}.Release|Any CPU.Build.0 = Release|Any CPU
		{0B7D319B-C6E5-4580-9B7A-44DF965BCC3F}.Debug|Any CPU.ActiveCfg = Debug|Any CPU
		{0B7D319B-C6E5-4580-9B7A-44DF965BCC3F}.Debug|Any CPU.Build.0 = Debug|Any CPU
		{0B7D319B-C6E5-4580-9B7A-44DF965BCC3F}.Release|Any CPU.ActiveCfg = Release|Any CPU
		{0B7D319B-C6E5-4580-9B7A-44DF965BCC3F}.Release|Any CPU.Build.0 = Release|Any CPU
		{B6DB03E1-CF84-40A6-875A-45E9FE0632AF}.Debug|Any CPU.ActiveCfg = Debug|Any CPU
		{B6DB03E1-CF84-40A6-875A-45E9FE0632AF}.Debug|Any CPU.Build.0 = Debug|Any CPU
		{B6DB03E1-CF84-40A6-875A-45E9FE0632AF}.Release|Any CPU.ActiveCfg = Release|Any CPU
		{B6DB03E1-CF84-40A6-875A-45E9FE0632AF}.Release|Any CPU.Build.0 = Release|Any CPU
		{047B66C5-1B2F-478E-8267-0DF1B795143A}.Debug|Any CPU.ActiveCfg = Debug|Any CPU
		{047B66C5-1B2F-478E-8267-0DF1B795143A}.Debug|Any CPU.Build.0 = Debug|Any CPU
		{047B66C5-1B2F-478E-8267-0DF1B795143A}.Release|Any CPU.ActiveCfg = Release|Any CPU
		{047B66C5-1B2F-478E-8267-0DF1B795143A}.Release|Any CPU.Build.0 = Release|Any CPU
	EndGlobalSection
	GlobalSection(SolutionProperties) = preSolution
		HideSolutionNode = FALSE
	EndGlobalSection
	GlobalSection(ExtensibilityGlobals) = postSolution
		SolutionGuid = {5823161B-887E-415F-B7E5-57E6CE792D34}
	EndGlobalSection
EndGlobal
