
Microsoft Visual Studio Solution File, Format Version 12.00
# Visual Studio Version 17
VisualStudioVersion = 17.6.33815.320
MinimumVisualStudioVersion = 10.0.40219.1
Project("{FAE04EC0-301F-11D3-BF4B-00C04F79EFBC}") = "WebApplication1Todo", "WebApplication1Todo\WebApplication1Todo.csproj", "{496A00E1-EC33-45C3-B6DF-34E8CC55482D}"
EndProject
Global
	GlobalSection(SolutionConfigurationPlatforms) = preSolution
		Debug|Any CPU = Debug|Any CPU
		Release|Any CPU = Release|Any CPU
	EndGlobalSection
	GlobalSection(ProjectConfigurationPlatforms) = postSolution
		{496A00E1-EC33-45C3-B6DF-34E8CC55482D}.Debug|Any CPU.ActiveCfg = Debug|Any CPU
		{496A00E1-EC33-45C3-B6DF-34E8CC55482D}.Debug|Any CPU.Build.0 = Debug|Any CPU
		{496A00E1-EC33-45C3-B6DF-34E8CC55482D}.Release|Any CPU.ActiveCfg = Release|Any CPU
		{496A00E1-EC33-45C3-B6DF-34E8CC55482D}.Release|Any CPU.Build.0 = Release|Any CPU
	EndGlobalSection
	GlobalSection(SolutionProperties) = preSolution
		HideSolutionNode = FALSE
	EndGlobalSection
	GlobalSection(ExtensibilityGlobals) = postSolution
		SolutionGuid = {9E9ECA18-C6AD-47AB-91A2-2C696C31F485}
	EndGlobalSection
EndGlobal
