
Microsoft Visual Studio Solution File, Format Version 12.00
# Visual Studio Version 17
VisualStudioVersion = 17.8.34330.188
MinimumVisualStudioVersion = 10.0.40219.1
Project("{FAE04EC0-301F-11D3-BF4B-00C04F79EFBC}") = "SQSWebApi", "SQSWebApi\SQSWebApi.csproj", "{7024287D-5067-4AB1-BFD9-0EDD9F18CDBA}"
EndProject
Global
	GlobalSection(SolutionConfigurationPlatforms) = preSolution
		Debug|Any CPU = Debug|Any CPU
		Release|Any CPU = Release|Any CPU
	EndGlobalSection
	GlobalSection(ProjectConfigurationPlatforms) = postSolution
		{7024287D-5067-4AB1-BFD9-0EDD9F18CDBA}.Debug|Any CPU.ActiveCfg = Debug|Any CPU
		{7024287D-5067-4AB1-BFD9-0EDD9F18CDBA}.Debug|Any CPU.Build.0 = Debug|Any CPU
		{7024287D-5067-4AB1-BFD9-0EDD9F18CDBA}.Release|Any CPU.ActiveCfg = Release|Any CPU
		{7024287D-5067-4AB1-BFD9-0EDD9F18CDBA}.Release|Any CPU.Build.0 = Release|Any CPU
	EndGlobalSection
	GlobalSection(SolutionProperties) = preSolution
		HideSolutionNode = FALSE
	EndGlobalSection
	GlobalSection(ExtensibilityGlobals) = postSolution
		SolutionGuid = {53CB4689-F3C6-4456-AE20-6545DC0636BD}
	EndGlobalSection
EndGlobal
