
Microsoft Visual Studio Solution File, Format Version 12.00
# Visual Studio Version 17
VisualStudioVersion = 17.6.33829.357
MinimumVisualStudioVersion = 10.0.40219.1
Project("{FAE04EC0-301F-11D3-BF4B-00C04F79EFBC}") = "IdentityMemberMVC", "IdentityMemberMVC\IdentityMemberMVC.csproj", "{F3CDA31E-C0B6-451F-B7C1-FE36F95D2F52}"
EndProject
Global
	GlobalSection(SolutionConfigurationPlatforms) = preSolution
		Debug|Any CPU = Debug|Any CPU
		Release|Any CPU = Release|Any CPU
	EndGlobalSection
	GlobalSection(ProjectConfigurationPlatforms) = postSolution
		{F3CDA31E-C0B6-451F-B7C1-FE36F95D2F52}.Debug|Any CPU.ActiveCfg = Debug|Any CPU
		{F3CDA31E-C0B6-451F-B7C1-FE36F95D2F52}.Debug|Any CPU.Build.0 = Debug|Any CPU
		{F3CDA31E-C0B6-451F-B7C1-FE36F95D2F52}.Release|Any CPU.ActiveCfg = Release|Any CPU
		{F3CDA31E-C0B6-451F-B7C1-FE36F95D2F52}.Release|Any CPU.Build.0 = Release|Any CPU
	EndGlobalSection
	GlobalSection(SolutionProperties) = preSolution
		HideSolutionNode = FALSE
	EndGlobalSection
	GlobalSection(ExtensibilityGlobals) = postSolution
		SolutionGuid = {91FA860E-21FE-4FBC-8540-6EDF8B503CB2}
	EndGlobalSection
EndGlobal
